
Microsoft Visual Studio Solution File, Format Version 11.00
# Visual C# Express 2010
Project("{FAE04EC0-301F-11D3-BF4B-00C04F79EFBC}") = "ProduceWars", "ProduceWars\ProduceWars\ProduceWars.csproj", "{1053E8C6-A828-4FBD-B583-95F4EE92F2A5}"
EndProject
Project("{FAE04EC0-301F-11D3-BF4B-00C04F79EFBC}") = "ProduceWarsContent", "ProduceWars\ProduceWarsContent\ProduceWarsContent.contentproj", "{C214356C-500A-4FC0-8B42-290438ADCA3A}"
EndProject
Project("{FAE04EC0-301F-11D3-BF4B-00C04F79EFBC}") = "ParallaxEngine", "ParallaxEngine\ParallaxEngine.csproj", "{682524ED-E213-4A89-AACD-0B76785D7271}"
EndProject
Project("{FAE04EC0-301F-11D3-BF4B-00C04F79EFBC}") = "Xbox 360 Copy of ParallaxEngine", "ParallaxEngine\Xbox 360 Copy of ParallaxEngine.csproj", "{73838A68-7320-42A4-A679-8837E6931131}"
	ProjectSection(ProjectDependencies) = postProject
		{68C00837-1D4D-4335-9AD3-26D7E17E233B} = {68C00837-1D4D-4335-9AD3-26D7E17E233B}
	EndProjectSection
EndProject
Project("{FAE04EC0-301F-11D3-BF4B-00C04F79EFBC}") = "Xbox 360 Copy of ProduceWars", "ProduceWars\ProduceWars\Xbox 360 Copy of ProduceWars.csproj", "{71E3D195-DA90-4FA1-A177-2D9504A286DB}"
EndProject
Project("{FAE04EC0-301F-11D3-BF4B-00C04F79EFBC}") = "Farseer Physics XNA", "Farseer Physics Engine 3.3 XNA\Farseer Physics XNA.csproj", "{0A850700-1ABB-4288-A391-6726B90EBEB9}"
EndProject
Project("{FAE04EC0-301F-11D3-BF4B-00C04F79EFBC}") = "Xbox 360 Farseer Physics XNA", "Farseer Physics Engine 3.3 XNA\Xbox 360 Farseer Physics XNA.csproj", "{68C00837-1D4D-4335-9AD3-26D7E17E233B}"
EndProject
Project("{FAE04EC0-301F-11D3-BF4B-00C04F79EFBC}") = "EasyStorage [Windows]", "GS4\EasyStorage\EasyStorage [Windows].csproj", "{A89EB1D5-B286-48EB-A864-315ABCDAA024}"
EndProject
Project("{FAE04EC0-301F-11D3-BF4B-00C04F79EFBC}") = "EasyStorage [Xbox]", "GS4\EasyStorage\EasyStorage [Xbox].csproj", "{46C81A1E-8509-4B35-AE33-121730BDD910}"
EndProject
Global
	GlobalSection(SolutionConfigurationPlatforms) = preSolution
		Debug|Mixed Platforms = Debug|Mixed Platforms
		Debug|x86 = Debug|x86
		Debug|Xbox 360 = Debug|Xbox 360
		Release|Mixed Platforms = Release|Mixed Platforms
		Release|x86 = Release|x86
		Release|Xbox 360 = Release|Xbox 360
	EndGlobalSection
	GlobalSection(ProjectConfigurationPlatforms) = postSolution
		{1053E8C6-A828-4FBD-B583-95F4EE92F2A5}.Debug|Mixed Platforms.ActiveCfg = Debug|x86
		{1053E8C6-A828-4FBD-B583-95F4EE92F2A5}.Debug|Mixed Platforms.Build.0 = Debug|x86
		{1053E8C6-A828-4FBD-B583-95F4EE92F2A5}.Debug|x86.ActiveCfg = Debug|x86
		{1053E8C6-A828-4FBD-B583-95F4EE92F2A5}.Debug|x86.Build.0 = Debug|x86
		{1053E8C6-A828-4FBD-B583-95F4EE92F2A5}.Debug|Xbox 360.ActiveCfg = Debug|x86
		{1053E8C6-A828-4FBD-B583-95F4EE92F2A5}.Debug|Xbox 360.Build.0 = Debug|x86
		{1053E8C6-A828-4FBD-B583-95F4EE92F2A5}.Release|Mixed Platforms.ActiveCfg = Release|x86
		{1053E8C6-A828-4FBD-B583-95F4EE92F2A5}.Release|Mixed Platforms.Build.0 = Release|x86
		{1053E8C6-A828-4FBD-B583-95F4EE92F2A5}.Release|x86.ActiveCfg = Release|x86
		{1053E8C6-A828-4FBD-B583-95F4EE92F2A5}.Release|x86.Build.0 = Release|x86
		{1053E8C6-A828-4FBD-B583-95F4EE92F2A5}.Release|Xbox 360.ActiveCfg = Release|x86
		{1053E8C6-A828-4FBD-B583-95F4EE92F2A5}.Release|Xbox 360.Build.0 = Release|x86
		{C214356C-500A-4FC0-8B42-290438ADCA3A}.Debug|Mixed Platforms.ActiveCfg = Debug|x86
		{C214356C-500A-4FC0-8B42-290438ADCA3A}.Debug|x86.ActiveCfg = Debug|x86
		{C214356C-500A-4FC0-8B42-290438ADCA3A}.Debug|Xbox 360.ActiveCfg = Debug|x86
		{C214356C-500A-4FC0-8B42-290438ADCA3A}.Debug|Xbox 360.Deploy.0 = Debug|x86
		{C214356C-500A-4FC0-8B42-290438ADCA3A}.Release|Mixed Platforms.ActiveCfg = Release|x86
		{C214356C-500A-4FC0-8B42-290438ADCA3A}.Release|x86.ActiveCfg = Release|x86
		{C214356C-500A-4FC0-8B42-290438ADCA3A}.Release|Xbox 360.ActiveCfg = Release|x86
		{682524ED-E213-4A89-AACD-0B76785D7271}.Debug|Mixed Platforms.ActiveCfg = Debug|x86
		{682524ED-E213-4A89-AACD-0B76785D7271}.Debug|Mixed Platforms.Build.0 = Debug|x86
		{682524ED-E213-4A89-AACD-0B76785D7271}.Debug|x86.ActiveCfg = Debug|x86
		{682524ED-E213-4A89-AACD-0B76785D7271}.Debug|x86.Build.0 = Debug|x86
		{682524ED-E213-4A89-AACD-0B76785D7271}.Debug|Xbox 360.ActiveCfg = Debug|x86
		{682524ED-E213-4A89-AACD-0B76785D7271}.Debug|Xbox 360.Build.0 = Debug|x86
		{682524ED-E213-4A89-AACD-0B76785D7271}.Release|Mixed Platforms.ActiveCfg = Release|x86
		{682524ED-E213-4A89-AACD-0B76785D7271}.Release|Mixed Platforms.Build.0 = Release|x86
		{682524ED-E213-4A89-AACD-0B76785D7271}.Release|x86.ActiveCfg = Release|x86
		{682524ED-E213-4A89-AACD-0B76785D7271}.Release|x86.Build.0 = Release|x86
		{682524ED-E213-4A89-AACD-0B76785D7271}.Release|Xbox 360.ActiveCfg = Release|x86
		{682524ED-E213-4A89-AACD-0B76785D7271}.Release|Xbox 360.Build.0 = Release|x86
		{73838A68-7320-42A4-A679-8837E6931131}.Debug|Mixed Platforms.ActiveCfg = Debug|Xbox 360
		{73838A68-7320-42A4-A679-8837E6931131}.Debug|Mixed Platforms.Build.0 = Debug|Xbox 360
		{73838A68-7320-42A4-A679-8837E6931131}.Debug|x86.ActiveCfg = Debug|Xbox 360
		{73838A68-7320-42A4-A679-8837E6931131}.Debug|Xbox 360.ActiveCfg = Debug|Xbox 360
		{73838A68-7320-42A4-A679-8837E6931131}.Debug|Xbox 360.Build.0 = Debug|Xbox 360
		{73838A68-7320-42A4-A679-8837E6931131}.Release|Mixed Platforms.ActiveCfg = Release|Xbox 360
		{73838A68-7320-42A4-A679-8837E6931131}.Release|Mixed Platforms.Build.0 = Release|Xbox 360
		{73838A68-7320-42A4-A679-8837E6931131}.Release|x86.ActiveCfg = Release|Xbox 360
		{73838A68-7320-42A4-A679-8837E6931131}.Release|Xbox 360.ActiveCfg = Release|Xbox 360
		{73838A68-7320-42A4-A679-8837E6931131}.Release|Xbox 360.Build.0 = Release|Xbox 360
		{71E3D195-DA90-4FA1-A177-2D9504A286DB}.Debug|Mixed Platforms.ActiveCfg = Debug|Xbox 360
		{71E3D195-DA90-4FA1-A177-2D9504A286DB}.Debug|Mixed Platforms.Build.0 = Debug|Xbox 360
		{71E3D195-DA90-4FA1-A177-2D9504A286DB}.Debug|Mixed Platforms.Deploy.0 = Debug|Xbox 360
		{71E3D195-DA90-4FA1-A177-2D9504A286DB}.Debug|x86.ActiveCfg = Debug|Xbox 360
		{71E3D195-DA90-4FA1-A177-2D9504A286DB}.Debug|Xbox 360.ActiveCfg = Debug|Xbox 360
		{71E3D195-DA90-4FA1-A177-2D9504A286DB}.Debug|Xbox 360.Build.0 = Debug|Xbox 360
		{71E3D195-DA90-4FA1-A177-2D9504A286DB}.Debug|Xbox 360.Deploy.0 = Debug|Xbox 360
		{71E3D195-DA90-4FA1-A177-2D9504A286DB}.Release|Mixed Platforms.ActiveCfg = Release|Xbox 360
		{71E3D195-DA90-4FA1-A177-2D9504A286DB}.Release|Mixed Platforms.Build.0 = Release|Xbox 360
		{71E3D195-DA90-4FA1-A177-2D9504A286DB}.Release|Mixed Platforms.Deploy.0 = Release|Xbox 360
		{71E3D195-DA90-4FA1-A177-2D9504A286DB}.Release|x86.ActiveCfg = Release|Xbox 360
		{71E3D195-DA90-4FA1-A177-2D9504A286DB}.Release|Xbox 360.ActiveCfg = Release|Xbox 360
		{71E3D195-DA90-4FA1-A177-2D9504A286DB}.Release|Xbox 360.Build.0 = Release|Xbox 360
		{71E3D195-DA90-4FA1-A177-2D9504A286DB}.Release|Xbox 360.Deploy.0 = Release|Xbox 360
		{0A850700-1ABB-4288-A391-6726B90EBEB9}.Debug|Mixed Platforms.ActiveCfg = Debug|x86
		{0A850700-1ABB-4288-A391-6726B90EBEB9}.Debug|Mixed Platforms.Build.0 = Debug|x86
		{0A850700-1ABB-4288-A391-6726B90EBEB9}.Debug|x86.ActiveCfg = Debug|x86
		{0A850700-1ABB-4288-A391-6726B90EBEB9}.Debug|x86.Build.0 = Debug|x86
		{0A850700-1ABB-4288-A391-6726B90EBEB9}.Debug|Xbox 360.ActiveCfg = Debug|x86
		{0A850700-1ABB-4288-A391-6726B90EBEB9}.Release|Mixed Platforms.ActiveCfg = Release|x86
		{0A850700-1ABB-4288-A391-6726B90EBEB9}.Release|Mixed Platforms.Build.0 = Release|x86
		{0A850700-1ABB-4288-A391-6726B90EBEB9}.Release|x86.ActiveCfg = Release|x86
		{0A850700-1ABB-4288-A391-6726B90EBEB9}.Release|x86.Build.0 = Release|x86
		{0A850700-1ABB-4288-A391-6726B90EBEB9}.Release|Xbox 360.ActiveCfg = Release|x86
		{68C00837-1D4D-4335-9AD3-26D7E17E233B}.Debug|Mixed Platforms.ActiveCfg = Debug|Xbox 360
		{68C00837-1D4D-4335-9AD3-26D7E17E233B}.Debug|Mixed Platforms.Build.0 = Debug|Xbox 360
		{68C00837-1D4D-4335-9AD3-26D7E17E233B}.Debug|x86.ActiveCfg = Debug|Xbox 360
		{68C00837-1D4D-4335-9AD3-26D7E17E233B}.Debug|Xbox 360.ActiveCfg = Debug|Xbox 360
		{68C00837-1D4D-4335-9AD3-26D7E17E233B}.Debug|Xbox 360.Build.0 = Debug|Xbox 360
		{68C00837-1D4D-4335-9AD3-26D7E17E233B}.Release|Mixed Platforms.ActiveCfg = Release|Xbox 360
		{68C00837-1D4D-4335-9AD3-26D7E17E233B}.Release|Mixed Platforms.Build.0 = Release|Xbox 360
		{68C00837-1D4D-4335-9AD3-26D7E17E233B}.Release|x86.ActiveCfg = Release|Xbox 360
		{68C00837-1D4D-4335-9AD3-26D7E17E233B}.Release|Xbox 360.ActiveCfg = Release|Xbox 360
		{68C00837-1D4D-4335-9AD3-26D7E17E233B}.Release|Xbox 360.Build.0 = Release|Xbox 360
		{A89EB1D5-B286-48EB-A864-315ABCDAA024}.Debug|Mixed Platforms.ActiveCfg = Debug|x86
		{A89EB1D5-B286-48EB-A864-315ABCDAA024}.Debug|Mixed Platforms.Build.0 = Debug|x86
		{A89EB1D5-B286-48EB-A864-315ABCDAA024}.Debug|x86.ActiveCfg = Debug|x86
		{A89EB1D5-B286-48EB-A864-315ABCDAA024}.Debug|x86.Build.0 = Debug|x86
		{A89EB1D5-B286-48EB-A864-315ABCDAA024}.Debug|Xbox 360.ActiveCfg = Debug|x86
		{A89EB1D5-B286-48EB-A864-315ABCDAA024}.Release|Mixed Platforms.ActiveCfg = Release|x86
		{A89EB1D5-B286-48EB-A864-315ABCDAA024}.Release|Mixed Platforms.Build.0 = Release|x86
		{A89EB1D5-B286-48EB-A864-315ABCDAA024}.Release|x86.ActiveCfg = Release|x86
		{A89EB1D5-B286-48EB-A864-315ABCDAA024}.Release|x86.Build.0 = Release|x86
		{A89EB1D5-B286-48EB-A864-315ABCDAA024}.Release|Xbox 360.ActiveCfg = Release|x86
		{46C81A1E-8509-4B35-AE33-121730BDD910}.Debug|Mixed Platforms.ActiveCfg = Debug|Xbox 360
		{46C81A1E-8509-4B35-AE33-121730BDD910}.Debug|Mixed Platforms.Build.0 = Debug|Xbox 360
		{46C81A1E-8509-4B35-AE33-121730BDD910}.Debug|x86.ActiveCfg = Debug|Xbox 360
		{46C81A1E-8509-4B35-AE33-121730BDD910}.Debug|Xbox 360.ActiveCfg = Debug|Xbox 360
		{46C81A1E-8509-4B35-AE33-121730BDD910}.Debug|Xbox 360.Build.0 = Debug|Xbox 360
		{46C81A1E-8509-4B35-AE33-121730BDD910}.Release|Mixed Platforms.ActiveCfg = Release|Xbox 360
		{46C81A1E-8509-4B35-AE33-121730BDD910}.Release|Mixed Platforms.Build.0 = Release|Xbox 360
		{46C81A1E-8509-4B35-AE33-121730BDD910}.Release|x86.ActiveCfg = Release|Xbox 360
		{46C81A1E-8509-4B35-AE33-121730BDD910}.Release|Xbox 360.ActiveCfg = Release|Xbox 360
		{46C81A1E-8509-4B35-AE33-121730BDD910}.Release|Xbox 360.Build.0 = Release|Xbox 360
	EndGlobalSection
	GlobalSection(SolutionProperties) = preSolution
		HideSolutionNode = FALSE
	EndGlobalSection
EndGlobal
